
Microsoft Visual Studio Solution File, Format Version 12.00
# Visual Studio Version 17
VisualStudioVersion = 17.7.34031.279
MinimumVisualStudioVersion = 10.0.40219.1
Project("{2150E333-8FDC-42A3-9474-1A3956D46DE8}") = "Task0", "Task0", "{21178185-7101-4813-AD63-6F1B596F9A22}"
EndProject
Project("{FAE04EC0-301F-11D3-BF4B-00C04F79EFBC}") = "Tyuiu.ZamyatinDY.Sprint2.Task0.V1", "Tyuiu.ZamyatinDY.Sprint2.Task0.V1\Tyuiu.ZamyatinDY.Sprint2.Task0.V1.csproj", "{802C0040-15F4-4123-AB98-C3066BE8A727}"
EndProject
Project("{FAE04EC0-301F-11D3-BF4B-00C04F79EFBC}") = "Tyuiu.ZamyatinDY.Sprint2.Task0.V1.Lib", "Tyuiu.ZamyatinDY.Sprint2.Task0.V1.Lib\Tyuiu.ZamyatinDY.Sprint2.Task0.V1.Lib.csproj", "{6AEFEA20-BA93-4466-8069-B33AA1F7AD81}"
EndProject
Project("{FAE04EC0-301F-11D3-BF4B-00C04F79EFBC}") = "Tyuiu.ZamyatinDY.Sprint2.Task0.V1.Test", "Tyuiu.ZamyatinDY.Sprint2.Task0.V1.Test\Tyuiu.ZamyatinDY.Sprint2.Task0.V1.Test.csproj", "{91808728-B1DD-4F49-A48F-89B3C39B80A7}"
EndProject
Project("{2150E333-8FDC-42A3-9474-1A3956D46DE8}") = "Task1", "Task1", "{7591C572-1251-4342-BB32-4B9465229352}"
EndProject
Project("{FAE04EC0-301F-11D3-BF4B-00C04F79EFBC}") = "Tyuiu.ZamyatinDY.Sprint2.Task1.V9", "Tyuiu.ZamyatinDY.Sprint2.Task1.V9\Tyuiu.ZamyatinDY.Sprint2.Task1.V9.csproj", "{8032BE70-AD34-469F-A05D-C00F26089E42}"
EndProject
Project("{FAE04EC0-301F-11D3-BF4B-00C04F79EFBC}") = "Tyuiu.ZamyatinDY.Sprint2.Task1.V9.Lib", "Tyuiu.ZamyatinDY.Sprint2.Task1.V9.Lib\Tyuiu.ZamyatinDY.Sprint2.Task1.V9.Lib.csproj", "{B8C8D2EE-3A6C-4C50-ADEC-BFF13541BD5A}"
EndProject
Project("{FAE04EC0-301F-11D3-BF4B-00C04F79EFBC}") = "Tyuiu.ZamyatinDY.Sprint2.Task1.V9.Test", "Tyuiu.ZamyatinDY.Sprint2.Task1.V9.Test\Tyuiu.ZamyatinDY.Sprint2.Task1.V9.Test.csproj", "{3B666ED0-87F3-4C1B-84E6-A4C704740682}"
EndProject
Project("{2150E333-8FDC-42A3-9474-1A3956D46DE8}") = "Task2", "Task2", "{5825A9D3-91B3-4531-96D6-EC7F2B51D89C}"
EndProject
Project("{FAE04EC0-301F-11D3-BF4B-00C04F79EFBC}") = "Tyuiu.ZamyatinDY.Sprint2.Task2.V28", "Tyuiu.ZamyatinDY.Sprint2.Task2.V28\Tyuiu.ZamyatinDY.Sprint2.Task2.V28.csproj", "{59DF429B-2797-4ED7-9396-6B48F3C01FCB}"
EndProject
Project("{FAE04EC0-301F-11D3-BF4B-00C04F79EFBC}") = "Tyuiu.ZamyatinDY.Sprint2.Task2.V28.Lib", "Tyuiu.ZamyatinDY.Sprint2.Task2.V28.Lib\Tyuiu.ZamyatinDY.Sprint2.Task2.V28.Lib.csproj", "{2D2CC805-B36C-4F0F-9D4F-E6DBB17C2C00}"
EndProject
Project("{FAE04EC0-301F-11D3-BF4B-00C04F79EFBC}") = "Tyuiu.ZamyatinDY.Sprint2.Task2.V28.Test", "Tyuiu.ZamyatinDY.Sprint2.Task2.V28.Test\Tyuiu.ZamyatinDY.Sprint2.Task2.V28.Test.csproj", "{25969418-34BE-4113-85DF-FDC654E7C61C}"
EndProject
Project("{2150E333-8FDC-42A3-9474-1A3956D46DE8}") = "Task3", "Task3", "{E7CE1D6A-48C5-46EC-B7BA-A91695B3DF58}"
EndProject
Project("{FAE04EC0-301F-11D3-BF4B-00C04F79EFBC}") = "Tyuiu.ZamyatinDY.Sprint2.Task3.V27", "Tyuiu.ZamyatinDY.Sprint2.Task3.V27\Tyuiu.ZamyatinDY.Sprint2.Task3.V27.csproj", "{8BE45E3C-D824-4DC2-906C-A2981393B177}"
EndProject
Project("{FAE04EC0-301F-11D3-BF4B-00C04F79EFBC}") = "Tyuiu.ZamyatinDY.Sprint2.Task3.V27.Lib", "Tyuiu.ZamyatinDY.Sprint2.Task3.V27.Lib\Tyuiu.ZamyatinDY.Sprint2.Task3.V27.Lib.csproj", "{EAFECED1-0595-4C43-8D88-3DD4AF1D6E3E}"
EndProject
Project("{FAE04EC0-301F-11D3-BF4B-00C04F79EFBC}") = "Tyuiu.ZamyatinDY.Sprint2.Task3.V27.Test", "Tyuiu.ZamyatinDY.Sprint2.Task3.V27.Test\Tyuiu.ZamyatinDY.Sprint2.Task3.V27.Test.csproj", "{FF739354-65FF-4A7F-9D03-C7EAC56D373D}"
EndProject
Project("{2150E333-8FDC-42A3-9474-1A3956D46DE8}") = "Task4", "Task4", "{5031E373-A669-440D-BD60-90237C910E6A}"
EndProject
Project("{FAE04EC0-301F-11D3-BF4B-00C04F79EFBC}") = "Tyuiu.ZamyatinDY.Sprint2.Task4.V17", "Tyuiu.ZamyatinDY.Sprint2.Task4.V17\Tyuiu.ZamyatinDY.Sprint2.Task4.V17.csproj", "{14363C27-18E0-4FEA-8F2F-0B087BA70D66}"
EndProject
Project("{FAE04EC0-301F-11D3-BF4B-00C04F79EFBC}") = "Tyuiu.ZamyatinDY.Sprint2.Task4.V17.Lib", "Tyuiu.ZamyatinDY.Sprint2.Task4.V17.Lib\Tyuiu.ZamyatinDY.Sprint2.Task4.V17.Lib.csproj", "{8B81C821-07CD-4E27-87C0-56388B7CD4B7}"
EndProject
Project("{FAE04EC0-301F-11D3-BF4B-00C04F79EFBC}") = "Tyuiu.ZamyatinDY.Sprint2.Task4.V17.Test", "Tyuiu.ZamyatinDY.Sprint2.Task4.V17.Test\Tyuiu.ZamyatinDY.Sprint2.Task4.V17.Test.csproj", "{D78F784A-03D0-418E-951B-4B974A05DBBB}"
EndProject
Project("{2150E333-8FDC-42A3-9474-1A3956D46DE8}") = "Task5", "Task5", "{5DF7BA08-BCF6-44AD-89C5-8B64CB63BF4C}"
EndProject
Project("{FAE04EC0-301F-11D3-BF4B-00C04F79EFBC}") = "Tyuiu.ZamyatinDY.Sprint2.Task5.V12", "Tyuiu.ZamyatinDY.Sprint2.Task5.V12\Tyuiu.ZamyatinDY.Sprint2.Task5.V12.csproj", "{C10D5CFD-EA83-4FB2-BA84-DE0D59BDFD4B}"
EndProject
Project("{FAE04EC0-301F-11D3-BF4B-00C04F79EFBC}") = "Tyuiu.ZamyatinDY.Sprint2.Task5.V12.Lib", "Tyuiu.ZamyatinDY.Sprint2.Task5.V12.Lib\Tyuiu.ZamyatinDY.Sprint2.Task5.V12.Lib.csproj", "{240D3664-A79F-4757-B1B0-21AA1B1CC623}"
EndProject
Project("{FAE04EC0-301F-11D3-BF4B-00C04F79EFBC}") = "Tyuiu.ZamyatinDY.Sprint2.Task5.V12.Test", "Tyuiu.ZamyatinDY.Sprint2.Task5.V12.Test\Tyuiu.ZamyatinDY.Sprint2.Task5.V12.Test.csproj", "{3AFCF2B2-7B69-4FC3-A4A4-186E6F24EB79}"
EndProject
Project("{2150E333-8FDC-42A3-9474-1A3956D46DE8}") = "Task6", "Task6", "{39C1178A-95B2-4680-8B6A-9A84AE782D9C}"
EndProject
Project("{FAE04EC0-301F-11D3-BF4B-00C04F79EFBC}") = "Tyuiu.ZamyatinDY.Sprint2.Task6.V13", "Tyuiu.ZamyatinDY.Sprint2.Task6.V13\Tyuiu.ZamyatinDY.Sprint2.Task6.V13.csproj", "{689F0335-D7B3-4E8B-AFB4-1FF4B3BF5AE6}"
EndProject
Project("{FAE04EC0-301F-11D3-BF4B-00C04F79EFBC}") = "Tyuiu.ZamyatinDY.Sprint2.Task6.V13.Lib", "Tyuiu.ZamyatinDY.Sprint2.Task6.V13.Lib\Tyuiu.ZamyatinDY.Sprint2.Task6.V13.Lib.csproj", "{831E73E9-5D4B-46C9-AD66-D436D5BD4C8A}"
EndProject
Project("{FAE04EC0-301F-11D3-BF4B-00C04F79EFBC}") = "Tyuiu.ZamyatinDY.Sprint2.Task6.V13.Test", "Tyuiu.ZamyatinDY.Sprint2.Task6.V13.Test\Tyuiu.ZamyatinDY.Sprint2.Task6.V13.Test.csproj", "{8A48D93A-8619-49EB-9914-798F6AA5712B}"
EndProject
Project("{2150E333-8FDC-42A3-9474-1A3956D46DE8}") = "Task7", "Task7", "{9FB0ACCB-DB8A-4D42-B1B5-EC5FC1127EC6}"
EndProject
Project("{FAE04EC0-301F-11D3-BF4B-00C04F79EFBC}") = "Tyuiu.ZamyatinDY.Sprint2.Task7.V2", "Tyuiu.ZamyatinDY.Sprint2.Task7.V2\Tyuiu.ZamyatinDY.Sprint2.Task7.V2.csproj", "{21E60EAC-4D06-4FD5-BD1D-B2F25E1A947B}"
EndProject
Project("{FAE04EC0-301F-11D3-BF4B-00C04F79EFBC}") = "Tyuiu.ZamyatinDY.Sprint2.Task7.V2.Lib", "Tyuiu.ZamyatinDY.Sprint2.Task7.V2.Lib\Tyuiu.ZamyatinDY.Sprint2.Task7.V2.Lib.csproj", "{C72B8DEB-2166-43DB-8610-AC83CA53531B}"
EndProject
Project("{FAE04EC0-301F-11D3-BF4B-00C04F79EFBC}") = "Tyuiu.ZamyatinDY.Sprint2.Task7.V2.Test", "Tyuiu.ZamyatinDY.Sprint2.Task7.V2.Test\Tyuiu.ZamyatinDY.Sprint2.Task7.V2.Test.csproj", "{9BDFFDEB-2B84-468A-B7D1-39B81C1AC5C3}"
EndProject
Global
	GlobalSection(SolutionConfigurationPlatforms) = preSolution
		Debug|Any CPU = Debug|Any CPU
		Release|Any CPU = Release|Any CPU
	EndGlobalSection
	GlobalSection(ProjectConfigurationPlatforms) = postSolution
		{802C0040-15F4-4123-AB98-C3066BE8A727}.Debug|Any CPU.ActiveCfg = Debug|Any CPU
		{802C0040-15F4-4123-AB98-C3066BE8A727}.Debug|Any CPU.Build.0 = Debug|Any CPU
		{802C0040-15F4-4123-AB98-C3066BE8A727}.Release|Any CPU.ActiveCfg = Release|Any CPU
		{802C0040-15F4-4123-AB98-C3066BE8A727}.Release|Any CPU.Build.0 = Release|Any CPU
		{6AEFEA20-BA93-4466-8069-B33AA1F7AD81}.Debug|Any CPU.ActiveCfg = Debug|Any CPU
		{6AEFEA20-BA93-4466-8069-B33AA1F7AD81}.Debug|Any CPU.Build.0 = Debug|Any CPU
		{6AEFEA20-BA93-4466-8069-B33AA1F7AD81}.Release|Any CPU.ActiveCfg = Release|Any CPU
		{6AEFEA20-BA93-4466-8069-B33AA1F7AD81}.Release|Any CPU.Build.0 = Release|Any CPU
		{91808728-B1DD-4F49-A48F-89B3C39B80A7}.Debug|Any CPU.ActiveCfg = Debug|Any CPU
		{91808728-B1DD-4F49-A48F-89B3C39B80A7}.Debug|Any CPU.Build.0 = Debug|Any CPU
		{91808728-B1DD-4F49-A48F-89B3C39B80A7}.Release|Any CPU.ActiveCfg = Release|Any CPU
		{91808728-B1DD-4F49-A48F-89B3C39B80A7}.Release|Any CPU.Build.0 = Release|Any CPU
		{8032BE70-AD34-469F-A05D-C00F26089E42}.Debug|Any CPU.ActiveCfg = Debug|Any CPU
		{8032BE70-AD34-469F-A05D-C00F26089E42}.Debug|Any CPU.Build.0 = Debug|Any CPU
		{8032BE70-AD34-469F-A05D-C00F26089E42}.Release|Any CPU.ActiveCfg = Release|Any CPU
		{8032BE70-AD34-469F-A05D-C00F26089E42}.Release|Any CPU.Build.0 = Release|Any CPU
		{B8C8D2EE-3A6C-4C50-ADEC-BFF13541BD5A}.Debug|Any CPU.ActiveCfg = Debug|Any CPU
		{B8C8D2EE-3A6C-4C50-ADEC-BFF13541BD5A}.Debug|Any CPU.Build.0 = Debug|Any CPU
		{B8C8D2EE-3A6C-4C50-ADEC-BFF13541BD5A}.Release|Any CPU.ActiveCfg = Release|Any CPU
		{B8C8D2EE-3A6C-4C50-ADEC-BFF13541BD5A}.Release|Any CPU.Build.0 = Release|Any CPU
		{3B666ED0-87F3-4C1B-84E6-A4C704740682}.Debug|Any CPU.ActiveCfg = Debug|Any CPU
		{3B666ED0-87F3-4C1B-84E6-A4C704740682}.Debug|Any CPU.Build.0 = Debug|Any CPU
		{3B666ED0-87F3-4C1B-84E6-A4C704740682}.Release|Any CPU.ActiveCfg = Release|Any CPU
		{3B666ED0-87F3-4C1B-84E6-A4C704740682}.Release|Any CPU.Build.0 = Release|Any CPU
		{59DF429B-2797-4ED7-9396-6B48F3C01FCB}.Debug|Any CPU.ActiveCfg = Debug|Any CPU
		{59DF429B-2797-4ED7-9396-6B48F3C01FCB}.Debug|Any CPU.Build.0 = Debug|Any CPU
		{59DF429B-2797-4ED7-9396-6B48F3C01FCB}.Release|Any CPU.ActiveCfg = Release|Any CPU
		{59DF429B-2797-4ED7-9396-6B48F3C01FCB}.Release|Any CPU.Build.0 = Release|Any CPU
		{2D2CC805-B36C-4F0F-9D4F-E6DBB17C2C00}.Debug|Any CPU.ActiveCfg = Debug|Any CPU
		{2D2CC805-B36C-4F0F-9D4F-E6DBB17C2C00}.Debug|Any CPU.Build.0 = Debug|Any CPU
		{2D2CC805-B36C-4F0F-9D4F-E6DBB17C2C00}.Release|Any CPU.ActiveCfg = Release|Any CPU
		{2D2CC805-B36C-4F0F-9D4F-E6DBB17C2C00}.Release|Any CPU.Build.0 = Release|Any CPU
		{25969418-34BE-4113-85DF-FDC654E7C61C}.Debug|Any CPU.ActiveCfg = Debug|Any CPU
		{25969418-34BE-4113-85DF-FDC654E7C61C}.Debug|Any CPU.Build.0 = Debug|Any CPU
		{25969418-34BE-4113-85DF-FDC654E7C61C}.Release|Any CPU.ActiveCfg = Release|Any CPU
		{25969418-34BE-4113-85DF-FDC654E7C61C}.Release|Any CPU.Build.0 = Release|Any CPU
		{8BE45E3C-D824-4DC2-906C-A2981393B177}.Debug|Any CPU.ActiveCfg = Debug|Any CPU
		{8BE45E3C-D824-4DC2-906C-A2981393B177}.Debug|Any CPU.Build.0 = Debug|Any CPU
		{8BE45E3C-D824-4DC2-906C-A2981393B177}.Release|Any CPU.ActiveCfg = Release|Any CPU
		{8BE45E3C-D824-4DC2-906C-A2981393B177}.Release|Any CPU.Build.0 = Release|Any CPU
		{EAFECED1-0595-4C43-8D88-3DD4AF1D6E3E}.Debug|Any CPU.ActiveCfg = Debug|Any CPU
		{EAFECED1-0595-4C43-8D88-3DD4AF1D6E3E}.Debug|Any CPU.Build.0 = Debug|Any CPU
		{EAFECED1-0595-4C43-8D88-3DD4AF1D6E3E}.Release|Any CPU.ActiveCfg = Release|Any CPU
		{EAFECED1-0595-4C43-8D88-3DD4AF1D6E3E}.Release|Any CPU.Build.0 = Release|Any CPU
		{FF739354-65FF-4A7F-9D03-C7EAC56D373D}.Debug|Any CPU.ActiveCfg = Debug|Any CPU
		{FF739354-65FF-4A7F-9D03-C7EAC56D373D}.Debug|Any CPU.Build.0 = Debug|Any CPU
		{FF739354-65FF-4A7F-9D03-C7EAC56D373D}.Release|Any CPU.ActiveCfg = Release|Any CPU
		{FF739354-65FF-4A7F-9D03-C7EAC56D373D}.Release|Any CPU.Build.0 = Release|Any CPU
		{14363C27-18E0-4FEA-8F2F-0B087BA70D66}.Debug|Any CPU.ActiveCfg = Debug|Any CPU
		{14363C27-18E0-4FEA-8F2F-0B087BA70D66}.Debug|Any CPU.Build.0 = Debug|Any CPU
		{14363C27-18E0-4FEA-8F2F-0B087BA70D66}.Release|Any CPU.ActiveCfg = Release|Any CPU
		{14363C27-18E0-4FEA-8F2F-0B087BA70D66}.Release|Any CPU.Build.0 = Release|Any CPU
		{8B81C821-07CD-4E27-87C0-56388B7CD4B7}.Debug|Any CPU.ActiveCfg = Debug|Any CPU
		{8B81C821-07CD-4E27-87C0-56388B7CD4B7}.Debug|Any CPU.Build.0 = Debug|Any CPU
		{8B81C821-07CD-4E27-87C0-56388B7CD4B7}.Release|Any CPU.ActiveCfg = Release|Any CPU
		{8B81C821-07CD-4E27-87C0-56388B7CD4B7}.Release|Any CPU.Build.0 = Release|Any CPU
		{D78F784A-03D0-418E-951B-4B974A05DBBB}.Debug|Any CPU.ActiveCfg = Debug|Any CPU
		{D78F784A-03D0-418E-951B-4B974A05DBBB}.Debug|Any CPU.Build.0 = Debug|Any CPU
		{D78F784A-03D0-418E-951B-4B974A05DBBB}.Release|Any CPU.ActiveCfg = Release|Any CPU
		{D78F784A-03D0-418E-951B-4B974A05DBBB}.Release|Any CPU.Build.0 = Release|Any CPU
		{C10D5CFD-EA83-4FB2-BA84-DE0D59BDFD4B}.Debug|Any CPU.ActiveCfg = Debug|Any CPU
		{C10D5CFD-EA83-4FB2-BA84-DE0D59BDFD4B}.Debug|Any CPU.Build.0 = Debug|Any CPU
		{C10D5CFD-EA83-4FB2-BA84-DE0D59BDFD4B}.Release|Any CPU.ActiveCfg = Release|Any CPU
		{C10D5CFD-EA83-4FB2-BA84-DE0D59BDFD4B}.Release|Any CPU.Build.0 = Release|Any CPU
		{240D3664-A79F-4757-B1B0-21AA1B1CC623}.Debug|Any CPU.ActiveCfg = Debug|Any CPU
		{240D3664-A79F-4757-B1B0-21AA1B1CC623}.Debug|Any CPU.Build.0 = Debug|Any CPU
		{240D3664-A79F-4757-B1B0-21AA1B1CC623}.Release|Any CPU.ActiveCfg = Release|Any CPU
		{240D3664-A79F-4757-B1B0-21AA1B1CC623}.Release|Any CPU.Build.0 = Release|Any CPU
		{3AFCF2B2-7B69-4FC3-A4A4-186E6F24EB79}.Debug|Any CPU.ActiveCfg = Debug|Any CPU
		{3AFCF2B2-7B69-4FC3-A4A4-186E6F24EB79}.Debug|Any CPU.Build.0 = Debug|Any CPU
		{3AFCF2B2-7B69-4FC3-A4A4-186E6F24EB79}.Release|Any CPU.ActiveCfg = Release|Any CPU
		{3AFCF2B2-7B69-4FC3-A4A4-186E6F24EB79}.Release|Any CPU.Build.0 = Release|Any CPU
		{689F0335-D7B3-4E8B-AFB4-1FF4B3BF5AE6}.Debug|Any CPU.ActiveCfg = Debug|Any CPU
		{689F0335-D7B3-4E8B-AFB4-1FF4B3BF5AE6}.Debug|Any CPU.Build.0 = Debug|Any CPU
		{689F0335-D7B3-4E8B-AFB4-1FF4B3BF5AE6}.Release|Any CPU.ActiveCfg = Release|Any CPU
		{689F0335-D7B3-4E8B-AFB4-1FF4B3BF5AE6}.Release|Any CPU.Build.0 = Release|Any CPU
		{831E73E9-5D4B-46C9-AD66-D436D5BD4C8A}.Debug|Any CPU.ActiveCfg = Debug|Any CPU
		{831E73E9-5D4B-46C9-AD66-D436D5BD4C8A}.Debug|Any CPU.Build.0 = Debug|Any CPU
		{831E73E9-5D4B-46C9-AD66-D436D5BD4C8A}.Release|Any CPU.ActiveCfg = Release|Any CPU
		{831E73E9-5D4B-46C9-AD66-D436D5BD4C8A}.Release|Any CPU.Build.0 = Release|Any CPU
		{8A48D93A-8619-49EB-9914-798F6AA5712B}.Debug|Any CPU.ActiveCfg = Debug|Any CPU
		{8A48D93A-8619-49EB-9914-798F6AA5712B}.Debug|Any CPU.Build.0 = Debug|Any CPU
		{8A48D93A-8619-49EB-9914-798F6AA5712B}.Release|Any CPU.ActiveCfg = Release|Any CPU
		{8A48D93A-8619-49EB-9914-798F6AA5712B}.Release|Any CPU.Build.0 = Release|Any CPU
		{21E60EAC-4D06-4FD5-BD1D-B2F25E1A947B}.Debug|Any CPU.ActiveCfg = Debug|Any CPU
		{21E60EAC-4D06-4FD5-BD1D-B2F25E1A947B}.Debug|Any CPU.Build.0 = Debug|Any CPU
		{21E60EAC-4D06-4FD5-BD1D-B2F25E1A947B}.Release|Any CPU.ActiveCfg = Release|Any CPU
		{21E60EAC-4D06-4FD5-BD1D-B2F25E1A947B}.Release|Any CPU.Build.0 = Release|Any CPU
		{C72B8DEB-2166-43DB-8610-AC83CA53531B}.Debug|Any CPU.ActiveCfg = Debug|Any CPU
		{C72B8DEB-2166-43DB-8610-AC83CA53531B}.Debug|Any CPU.Build.0 = Debug|Any CPU
		{C72B8DEB-2166-43DB-8610-AC83CA53531B}.Release|Any CPU.ActiveCfg = Release|Any CPU
		{C72B8DEB-2166-43DB-8610-AC83CA53531B}.Release|Any CPU.Build.0 = Release|Any CPU
		{9BDFFDEB-2B84-468A-B7D1-39B81C1AC5C3}.Debug|Any CPU.ActiveCfg = Debug|Any CPU
		{9BDFFDEB-2B84-468A-B7D1-39B81C1AC5C3}.Debug|Any CPU.Build.0 = Debug|Any CPU
		{9BDFFDEB-2B84-468A-B7D1-39B81C1AC5C3}.Release|Any CPU.ActiveCfg = Release|Any CPU
		{9BDFFDEB-2B84-468A-B7D1-39B81C1AC5C3}.Release|Any CPU.Build.0 = Release|Any CPU
	EndGlobalSection
	GlobalSection(SolutionProperties) = preSolution
		HideSolutionNode = FALSE
	EndGlobalSection
	GlobalSection(NestedProjects) = preSolution
		{802C0040-15F4-4123-AB98-C3066BE8A727} = {21178185-7101-4813-AD63-6F1B596F9A22}
		{6AEFEA20-BA93-4466-8069-B33AA1F7AD81} = {21178185-7101-4813-AD63-6F1B596F9A22}
		{91808728-B1DD-4F49-A48F-89B3C39B80A7} = {21178185-7101-4813-AD63-6F1B596F9A22}
		{8032BE70-AD34-469F-A05D-C00F26089E42} = {7591C572-1251-4342-BB32-4B9465229352}
		{B8C8D2EE-3A6C-4C50-ADEC-BFF13541BD5A} = {7591C572-1251-4342-BB32-4B9465229352}
		{3B666ED0-87F3-4C1B-84E6-A4C704740682} = {7591C572-1251-4342-BB32-4B9465229352}
		{59DF429B-2797-4ED7-9396-6B48F3C01FCB} = {5825A9D3-91B3-4531-96D6-EC7F2B51D89C}
		{2D2CC805-B36C-4F0F-9D4F-E6DBB17C2C00} = {5825A9D3-91B3-4531-96D6-EC7F2B51D89C}
		{25969418-34BE-4113-85DF-FDC654E7C61C} = {5825A9D3-91B3-4531-96D6-EC7F2B51D89C}
		{8BE45E3C-D824-4DC2-906C-A2981393B177} = {E7CE1D6A-48C5-46EC-B7BA-A91695B3DF58}
		{EAFECED1-0595-4C43-8D88-3DD4AF1D6E3E} = {E7CE1D6A-48C5-46EC-B7BA-A91695B3DF58}
		{FF739354-65FF-4A7F-9D03-C7EAC56D373D} = {E7CE1D6A-48C5-46EC-B7BA-A91695B3DF58}
		{14363C27-18E0-4FEA-8F2F-0B087BA70D66} = {5031E373-A669-440D-BD60-90237C910E6A}
		{8B81C821-07CD-4E27-87C0-56388B7CD4B7} = {5031E373-A669-440D-BD60-90237C910E6A}
		{D78F784A-03D0-418E-951B-4B974A05DBBB} = {5031E373-A669-440D-BD60-90237C910E6A}
		{C10D5CFD-EA83-4FB2-BA84-DE0D59BDFD4B} = {5DF7BA08-BCF6-44AD-89C5-8B64CB63BF4C}
		{240D3664-A79F-4757-B1B0-21AA1B1CC623} = {5DF7BA08-BCF6-44AD-89C5-8B64CB63BF4C}
		{3AFCF2B2-7B69-4FC3-A4A4-186E6F24EB79} = {5DF7BA08-BCF6-44AD-89C5-8B64CB63BF4C}
		{689F0335-D7B3-4E8B-AFB4-1FF4B3BF5AE6} = {39C1178A-95B2-4680-8B6A-9A84AE782D9C}
		{831E73E9-5D4B-46C9-AD66-D436D5BD4C8A} = {39C1178A-95B2-4680-8B6A-9A84AE782D9C}
		{8A48D93A-8619-49EB-9914-798F6AA5712B} = {39C1178A-95B2-4680-8B6A-9A84AE782D9C}
		{21E60EAC-4D06-4FD5-BD1D-B2F25E1A947B} = {9FB0ACCB-DB8A-4D42-B1B5-EC5FC1127EC6}
		{C72B8DEB-2166-43DB-8610-AC83CA53531B} = {9FB0ACCB-DB8A-4D42-B1B5-EC5FC1127EC6}
		{9BDFFDEB-2B84-468A-B7D1-39B81C1AC5C3} = {9FB0ACCB-DB8A-4D42-B1B5-EC5FC1127EC6}
	EndGlobalSection
	GlobalSection(ExtensibilityGlobals) = postSolution
		SolutionGuid = {D8CF3AD4-7647-424D-899F-862EECE3E875}
	EndGlobalSection
EndGlobal
